
Microsoft Visual Studio Solution File, Format Version 12.00
Project("{FAE04EC0-301F-11D3-BF4B-00C04F79EFBC}") = "Actividad1", "Actividad1.csproj", "{D8C102A8-AA99-4369-BB10-8EC673A21C2C}"
EndProject
Global
	GlobalSection(SolutionConfigurationPlatforms) = preSolution
		Debug|Any CPU = Debug|Any CPU
		Release|Any CPU = Release|Any CPU
	EndGlobalSection
	GlobalSection(ProjectConfigurationPlatforms) = postSolution
		{D8C102A8-AA99-4369-BB10-8EC673A21C2C}.Debug|Any CPU.ActiveCfg = Debug|Any CPU
		{D8C102A8-AA99-4369-BB10-8EC673A21C2C}.Debug|Any CPU.Build.0 = Debug|Any CPU
		{D8C102A8-AA99-4369-BB10-8EC673A21C2C}.Release|Any CPU.ActiveCfg = Release|Any CPU
		{D8C102A8-AA99-4369-BB10-8EC673A21C2C}.Release|Any CPU.Build.0 = Release|Any CPU
	EndGlobalSection
EndGlobal
